
Microsoft Visual Studio Solution File, Format Version 12.00
# Visual Studio Version 17
VisualStudioVersion = 17.4.33213.308
MinimumVisualStudioVersion = 10.0.40219.1
Project("{FAE04EC0-301F-11D3-BF4B-00C04F79EFBC}") = "PersonelUygulaması", "PersonelUygulaması\PersonelUygulaması.csproj", "{0663CB76-F683-4B6C-BDBB-EE1B6A3F14D5}"
EndProject
Global
	GlobalSection(SolutionConfigurationPlatforms) = preSolution
		Debug|Any CPU = Debug|Any CPU
		Release|Any CPU = Release|Any CPU
	EndGlobalSection
	GlobalSection(ProjectConfigurationPlatforms) = postSolution
		{0663CB76-F683-4B6C-BDBB-EE1B6A3F14D5}.Debug|Any CPU.ActiveCfg = Debug|Any CPU
		{0663CB76-F683-4B6C-BDBB-EE1B6A3F14D5}.Debug|Any CPU.Build.0 = Debug|Any CPU
		{0663CB76-F683-4B6C-BDBB-EE1B6A3F14D5}.Release|Any CPU.ActiveCfg = Release|Any CPU
		{0663CB76-F683-4B6C-BDBB-EE1B6A3F14D5}.Release|Any CPU.Build.0 = Release|Any CPU
	EndGlobalSection
	GlobalSection(SolutionProperties) = preSolution
		HideSolutionNode = FALSE
	EndGlobalSection
	GlobalSection(ExtensibilityGlobals) = postSolution
		SolutionGuid = {B4146247-79B9-4398-92B1-4B90424187F9}
	EndGlobalSection
EndGlobal
